
Microsoft Visual Studio Solution File, Format Version 12.00
# Visual Studio Version 17
VisualStudioVersion = 17.14.36109.1 d17.14
MinimumVisualStudioVersion = 10.0.40219.1
Project("{FAE04EC0-301F-11D3-BF4B-00C04F79EFBC}") = "Timesheet-app", "Timesheet-app\Timesheet-app.csproj", "{82F3A25B-E446-42F0-9D63-E08335DEA73C}"
EndProject
Global
	GlobalSection(SolutionConfigurationPlatforms) = preSolution
		Debug|Any CPU = Debug|Any CPU
		Release|Any CPU = Release|Any CPU
	EndGlobalSection
	GlobalSection(ProjectConfigurationPlatforms) = postSolution
		{82F3A25B-E446-42F0-9D63-E08335DEA73C}.Debug|Any CPU.ActiveCfg = Debug|Any CPU
		{82F3A25B-E446-42F0-9D63-E08335DEA73C}.Debug|Any CPU.Build.0 = Debug|Any CPU
		{82F3A25B-E446-42F0-9D63-E08335DEA73C}.Release|Any CPU.ActiveCfg = Release|Any CPU
		{82F3A25B-E446-42F0-9D63-E08335DEA73C}.Release|Any CPU.Build.0 = Release|Any CPU
	EndGlobalSection
	GlobalSection(SolutionProperties) = preSolution
		HideSolutionNode = FALSE
	EndGlobalSection
	GlobalSection(ExtensibilityGlobals) = postSolution
		SolutionGuid = {1A89EDDF-6A4B-4674-9DA7-D74EF66C5A69}
	EndGlobalSection
EndGlobal
